
Microsoft Visual Studio Solution File, Format Version 12.00
# Visual Studio 14
VisualStudioVersion = 14.0.25420.1
MinimumVisualStudioVersion = 10.0.40219.1
Project("{FAE04EC0-301F-11D3-BF4B-00C04F79EFBC}") = "AdoNetAccountManager", "AdoNetAccountManager\AdoNetAccountManager.csproj", "{D8DEA5DD-CCEE-43A8-A515-1C6BF0CD5B57}"
EndProject
Project("{00D1A9C2-B5F0-4AF3-8072-F6C62B433612}") = "Database", "Database\Database.sqlproj", "{8CB11E04-1AF2-45C2-A253-5A43ADD11A9C}"
EndProject
Global
	GlobalSection(SolutionConfigurationPlatforms) = preSolution
		Debug|Any CPU = Debug|Any CPU
		Release|Any CPU = Release|Any CPU
	EndGlobalSection
	GlobalSection(ProjectConfigurationPlatforms) = postSolution
		{D8DEA5DD-CCEE-43A8-A515-1C6BF0CD5B57}.Debug|Any CPU.ActiveCfg = Debug|Any CPU
		{D8DEA5DD-CCEE-43A8-A515-1C6BF0CD5B57}.Debug|Any CPU.Build.0 = Debug|Any CPU
		{D8DEA5DD-CCEE-43A8-A515-1C6BF0CD5B57}.Release|Any CPU.ActiveCfg = Release|Any CPU
		{D8DEA5DD-CCEE-43A8-A515-1C6BF0CD5B57}.Release|Any CPU.Build.0 = Release|Any CPU
		{8CB11E04-1AF2-45C2-A253-5A43ADD11A9C}.Debug|Any CPU.ActiveCfg = Debug|Any CPU
		{8CB11E04-1AF2-45C2-A253-5A43ADD11A9C}.Debug|Any CPU.Build.0 = Debug|Any CPU
		{8CB11E04-1AF2-45C2-A253-5A43ADD11A9C}.Debug|Any CPU.Deploy.0 = Debug|Any CPU
		{8CB11E04-1AF2-45C2-A253-5A43ADD11A9C}.Release|Any CPU.ActiveCfg = Release|Any CPU
		{8CB11E04-1AF2-45C2-A253-5A43ADD11A9C}.Release|Any CPU.Build.0 = Release|Any CPU
		{8CB11E04-1AF2-45C2-A253-5A43ADD11A9C}.Release|Any CPU.Deploy.0 = Release|Any CPU
	EndGlobalSection
	GlobalSection(SolutionProperties) = preSolution
		HideSolutionNode = FALSE
	EndGlobalSection
EndGlobal
